<?xml version="1.0" encoding="utf-8"?>
<Project ToolsVersion="4.0" xmlns="http://schemas.microsoft.com/developer/msbuild/2003">
  <ItemGroup>
    <Filter Include="Form Files">
      <UniqueIdentifier>{99349809-55BA-4b9d-BF79-8FDBB0286EB3}</UniqueIdentifier>
      <Extensions>ui</Extensions>
      <ParseFiles>false</ParseFiles>
    </Filter>
    <Filter Include="Form Files">
      <UniqueIdentifier>{99349809-55BA-4b9d-BF79-8FDBB0286EB3}</UniqueIdentifier>
      <Extensions>ui</Extensions>
      <ParseFiles>false</ParseFiles>
    </Filter>
    <Filter Include="Generated Files">
      <UniqueIdentifier>{71ED8ED8-ACB9-4CE9-BBE1-E00B30144E11}</UniqueIdentifier>
      <Extensions>cpp;c;cxx;moc;h;def;odl;idl;res;</Extensions>
    </Filter>
    <Filter Include="Generated Files">
      <UniqueIdentifier>{71ED8ED8-ACB9-4CE9-BBE1-E00B30144E11}</UniqueIdentifier>
      <Extensions>cpp;c;cxx;moc;h;def;odl;idl;res;</Extensions>
    </Filter>
    <Filter Include="Resource Files">
      <UniqueIdentifier>{D9D6E242-F8AF-46E4-B9FD-80ECBC20BA3E}</UniqueIdentifier>
      <Extensions>qrc;*</Extensions>
      <ParseFiles>false</ParseFiles>
    </Filter>
    <Filter Include="Resource Files">
      <UniqueIdentifier>{D9D6E242-F8AF-46E4-B9FD-80ECBC20BA3E}</UniqueIdentifier>
      <Extensions>qrc;*</Extensions>
      <ParseFiles>false</ParseFiles>
    </Filter>
    <Filter Include="Generated Files\Debug_x64">
      <UniqueIdentifier>{d309f6bb-15de-49f8-b329-1bdc99fe5b05}</UniqueIdentifier>
      <Extensions>cpp;moc</Extensions>
      <SourceControlFiles>False</SourceControlFiles>
    </Filter>
    <Filter Include="Generated Files\Release_x64">
      <UniqueIdentifier>{917a0b24-6a93-4c3f-8904-fa6188274389}</UniqueIdentifier>
      <Extensions>cpp;moc</Extensions>
      <SourceControlFiles>False</SourceControlFiles>
    </Filter>
    <Filter Include="Sources">
      <UniqueIdentifier>{93995380-89BD-4b04-88EB-625FBE52EBFB}</UniqueIdentifier>
      <Extensions>h;hpp;hxx;hm;inl;inc;xsd</Extensions>
    </Filter>
    <Filter Include="Sources\gui">
      <UniqueIdentifier>{5d565acd-fbfe-483f-a71a-63a5f7272213}</UniqueIdentifier>
    </Filter>
    <Filter Include="Sources\gui\actions">
      <UniqueIdentifier>{e1f72df3-b53c-4337-b774-bee8b2ddac61}</UniqueIdentifier>
    </Filter>
    <Filter Include="Sources\hardware">
      <UniqueIdentifier>{28b8cbb9-61cb-4ff6-8fd5-efa1f9571f22}</UniqueIdentifier>
    </Filter>
    <Filter Include="Sources\experiment">
      <UniqueIdentifier>{b23d3b2d-5501-4dd3-a7db-30672dbb8473}</UniqueIdentifier>
    </Filter>
    <Filter Include="Sources\detector">
      <UniqueIdentifier>{199adc8c-0f82-4042-b185-0b6fd0b16724}</UniqueIdentifier>
    </Filter>
    <Filter Include="Sources\gui\widgets">
      <UniqueIdentifier>{ac396d7d-4a38-4cca-86cb-31113caf03d2}</UniqueIdentifier>
    </Filter>
  </ItemGroup>
  <ItemGroup>
    <ClCompile Include="build\x64\Debug\moc_shocksectorlabel.cpp">
      <Filter>Generated Files\Debug_x64</Filter>
    </ClCompile>
    <ClCompile Include="build\x64\Release\moc_shocksectorlabel.cpp">
      <Filter>Generated Files\Release_x64</Filter>
    </ClCompile>
    <ClCompile Include="build\x64\Debug\moc_shockrobotlabel.cpp">
      <Filter>Generated Files\Debug_x64</Filter>
    </ClCompile>
    <ClCompile Include="build\x64\Release\moc_shockrobotlabel.cpp">
      <Filter>Generated Files\Release_x64</Filter>
    </ClCompile>
    <ClCompile Include="build\x64\Debug\moc_pointselector.cpp">
      <Filter>Generated Files\Debug_x64</Filter>
    </ClCompile>
    <ClCompile Include="build\x64\Release\moc_pointselector.cpp">
      <Filter>Generated Files\Release_x64</Filter>
    </ClCompile>
    <ClCompile Include="build\x64\Debug\moc_pointdialog.cpp">
      <Filter>Generated Files\Debug_x64</Filter>
    </ClCompile>
    <ClCompile Include="build\x64\Release\moc_pointdialog.cpp">
      <Filter>Generated Files\Release_x64</Filter>
    </ClCompile>
    <ClCompile Include="build\x64\Debug\moc_masklabel.cpp">
      <Filter>Generated Files\Debug_x64</Filter>
    </ClCompile>
    <ClCompile Include="build\x64\Release\moc_masklabel.cpp">
      <Filter>Generated Files\Release_x64</Filter>
    </ClCompile>
    <ClCompile Include="build\x64\Debug\moc_mainwindow.cpp">
      <Filter>Generated Files\Debug_x64</Filter>
    </ClCompile>
    <ClCompile Include="build\x64\Release\moc_mainwindow.cpp">
      <Filter>Generated Files\Release_x64</Filter>
    </ClCompile>
    <ClCompile Include="build\x64\Debug\moc_experimentlogger.cpp">
      <Filter>Generated Files\Debug_x64</Filter>
    </ClCompile>
    <ClCompile Include="build\x64\Release\moc_experimentlogger.cpp">
      <Filter>Generated Files\Release_x64</Filter>
    </ClCompile>
    <ClCompile Include="build\x64\Debug\moc_experiment.cpp">
      <Filter>Generated Files\Debug_x64</Filter>
    </ClCompile>
    <ClCompile Include="build\x64\Release\moc_experiment.cpp">
      <Filter>Generated Files\Release_x64</Filter>
    </ClCompile>
    <ClCompile Include="build\x64\Debug\moc_dummyhardware.cpp">
      <Filter>Generated Files\Debug_x64</Filter>
    </ClCompile>
    <ClCompile Include="build\x64\Release\moc_dummyhardware.cpp">
      <Filter>Generated Files\Release_x64</Filter>
    </ClCompile>
    <ClCompile Include="build\x64\Debug\moc_debugwindow.cpp">
      <Filter>Generated Files\Debug_x64</Filter>
    </ClCompile>
    <ClCompile Include="build\x64\Release\moc_debugwindow.cpp">
      <Filter>Generated Files\Release_x64</Filter>
    </ClCompile>
    <ClCompile Include="build\x64\Debug\moc_configwindow.cpp">
      <Filter>Generated Files\Debug_x64</Filter>
    </ClCompile>
    <ClCompile Include="build\x64\Release\moc_configwindow.cpp">
      <Filter>Generated Files\Release_x64</Filter>
    </ClCompile>
    <ClCompile Include="build\x64\Debug\moc_arenomat.cpp">
      <Filter>Generated Files\Debug_x64</Filter>
    </ClCompile>
    <ClCompile Include="build\x64\Release\moc_arenomat.cpp">
      <Filter>Generated Files\Release_x64</Filter>
    </ClCompile>
    <ClCompile Include="build\x64\Debug\moc_actions_modifycounter_dialog.cpp">
      <Filter>Generated Files\Debug_x64</Filter>
    </ClCompile>
    <ClCompile Include="build\x64\Release\moc_actions_modifycounter_dialog.cpp">
      <Filter>Generated Files\Release_x64</Filter>
    </ClCompile>
    <ClCompile Include="build\x64\Debug\moc_actions_enabledisabledialog.cpp">
      <Filter>Generated Files\Debug_x64</Filter>
    </ClCompile>
    <ClCompile Include="build\x64\Release\moc_actions_enabledisabledialog.cpp">
      <Filter>Generated Files\Release_x64</Filter>
    </ClCompile>
    <ClCompile Include="build\x64\Debug\moc_actions_area_sector_dialog.cpp">
      <Filter>Generated Files\Debug_x64</Filter>
    </ClCompile>
    <ClCompile Include="build\x64\Release\moc_actions_area_sector_dialog.cpp">
      <Filter>Generated Files\Release_x64</Filter>
    </ClCompile>
    <ClCompile Include="build\x64\Debug\moc_actions_area_robot_dialog.cpp">
      <Filter>Generated Files\Debug_x64</Filter>
    </ClCompile>
    <ClCompile Include="build\x64\Release\moc_actions_area_robot_dialog.cpp">
      <Filter>Generated Files\Release_x64</Filter>
    </ClCompile>
    <ClCompile Include="build\x64\Debug\moc_actionssounddialog.cpp">
      <Filter>Generated Files\Debug_x64</Filter>
    </ClCompile>
    <ClCompile Include="build\x64\Release\moc_actionssounddialog.cpp">
      <Filter>Generated Files\Release_x64</Filter>
    </ClCompile>
    <ClCompile Include="build\x64\Debug\moc_abstracthardware.cpp">
      <Filter>Generated Files\Debug_x64</Filter>
    </ClCompile>
    <ClCompile Include="build\x64\Release\moc_abstracthardware.cpp">
      <Filter>Generated Files\Release_x64</Filter>
    </ClCompile>
    <ClCompile Include="build\GeneratedFiles\qrc_resources.cpp">
      <Filter>Generated Files</Filter>
    </ClCompile>
    <ClCompile Include="build\x64\Debug\moc_counterwindow.cpp">
      <Filter>Generated Files\Debug_x64</Filter>
    </ClCompile>
    <ClCompile Include="build\x64\Release\moc_counterwindow.cpp">
      <Filter>Generated Files\Release_x64</Filter>
    </ClCompile>
    <ClCompile Include="main.cpp">
      <Filter>Sources</Filter>
    </ClCompile>
    <ClCompile Include="gui\actions_area_robot_dialog.cpp">
      <Filter>Sources\gui\actions</Filter>
    </ClCompile>
    <ClCompile Include="gui\actions_area_sector_dialog.cpp">
      <Filter>Sources\gui\actions</Filter>
    </ClCompile>
    <ClCompile Include="gui\actions_enabledisabledialog.cpp">
      <Filter>Sources\gui\actions</Filter>
    </ClCompile>
    <ClCompile Include="gui\actions_modifycounter_dialog.cpp">
      <Filter>Sources\gui\actions</Filter>
    </ClCompile>
    <ClCompile Include="experiment\abstracthardware.cpp">
      <Filter>Sources\hardware</Filter>
    </ClCompile>
    <ClCompile Include="gui\actionssounddialog.cpp">
      <Filter>Sources\gui\actions</Filter>
    </ClCompile>
    <ClCompile Include="experiment\arenomat.cpp">
      <Filter>Sources\hardware</Filter>
    </ClCompile>
    <ClCompile Include="gui\counterwindow.cpp">
      <Filter>Sources\gui</Filter>
    </ClCompile>
    <ClCompile Include="gui\debugwindow.cpp">
      <Filter>Sources\gui</Filter>
    </ClCompile>
    <ClCompile Include="experiment\detector.cpp">
      <Filter>Sources\detector</Filter>
    </ClCompile>
    <ClCompile Include="experiment\detector_color.cpp">
      <Filter>Sources\detector</Filter>
    </ClCompile>
    <ClCompile Include="experiment\detector_threshold.cpp">
      <Filter>Sources\detector</Filter>
    </ClCompile>
    <ClCompile Include="experiment\dummyhardware.cpp">
      <Filter>Sources\hardware</Filter>
    </ClCompile>
    <ClCompile Include="experiment\experiment.cpp">
      <Filter>Sources\experiment</Filter>
    </ClCompile>
    <ClCompile Include="experiment\experimentlogger.cpp">
      <Filter>Sources\experiment</Filter>
    </ClCompile>
    <ClCompile Include="gui\mainwindow.cpp">
      <Filter>Sources\gui</Filter>
    </ClCompile>
    <ClCompile Include="gui\masklabel.cpp">
      <Filter>Sources\gui\widgets</Filter>
    </ClCompile>
    <ClCompile Include="experiment\params.cpp">
      <Filter>Sources</Filter>
    </ClCompile>
    <ClCompile Include="gui\pointdialog.cpp">
      <Filter>Sources\gui\widgets</Filter>
    </ClCompile>
    <ClCompile Include="gui\shockrobotlabel.cpp">
      <Filter>Sources\gui\widgets</Filter>
    </ClCompile>
    <ClCompile Include="gui\shocksectorlabel.cpp">
      <Filter>Sources\gui\widgets</Filter>
    </ClCompile>
    <ClCompile Include="gui\pointselector.cpp">
      <Filter>Sources\gui\widgets</Filter>
    </ClCompile>
    <ClCompile Include="gui\logwindow.cpp">
      <Filter>Sources\gui</Filter>
    </ClCompile>
    <ClCompile Include="build\x64\Debug\moc_logwindow.cpp">
      <Filter>Generated Files\Debug_x64</Filter>
    </ClCompile>
    <ClCompile Include="build\x64\Release\moc_logwindow.cpp">
      <Filter>Generated Files\Release_x64</Filter>
    </ClCompile>
    <ClCompile Include="gui\configwindow.cpp">
      <Filter>Sources\gui</Filter>
    </ClCompile>
    <ClCompile Include="Logger.cpp">
      <Filter>Generated Files</Filter>
    </ClCompile>
    <ClCompile Include="build\x64\Debug\moc_Logger.cpp">
      <Filter>Generated Files\Debug_x64</Filter>
    </ClCompile>
    <ClCompile Include="build\x64\Release\moc_Logger.cpp">
      <Filter>Generated Files\Release_x64</Filter>
    </ClCompile>
  </ItemGroup>
  <ItemGroup>
    <CustomBuild Include="gui\actions_area_robot_dialog.h">
      <Filter>Sources\gui\actions</Filter>
    </CustomBuild>
    <CustomBuild Include="gui\actions_area_sector_dialog.h">
      <Filter>Sources\gui\actions</Filter>
    </CustomBuild>
    <CustomBuild Include="gui\actions_enabledisabledialog.h">
      <Filter>Sources\gui\actions</Filter>
    </CustomBuild>
    <ClInclude Include="build\GeneratedFiles\ui_counterwindow.h">
      <Filter>Generated Files</Filter>
    </ClInclude>
    <ClInclude Include="experiment\action.h">
      <Filter>Sources\experiment</Filter>
    </ClInclude>
    <ClInclude Include="experiment\detector.h">
      <Filter>Sources\detector</Filter>
    </ClInclude>
    <ClInclude Include="experiment\detector_color.h">
      <Filter>Sources\detector</Filter>
    </ClInclude>
    <CustomBuild Include="experiment\experiment.h">
      <Filter>Sources\experiment</Filter>
    </CustomBuild>
    <CustomBuild Include="experiment\experimentlogger.h">
      <Filter>Sources\experiment</Filter>
    </CustomBuild>
    <CustomBuild Include="gui\mainwindow.h">
      <Filter>Sources\gui</Filter>
    </CustomBuild>
    <CustomBuild Include="gui\pointdialog.h">
      <Filter>Sources\gui\widgets</Filter>
    </CustomBuild>
    <CustomBuild Include="gui\shocksectorlabel.h">
      <Filter>Sources\gui\widgets</Filter>
    </CustomBuild>
    <CustomBuild Include="gui\shockrobotlabel.h">
      <Filter>Sources\gui\widgets</Filter>
    </CustomBuild>
    <CustomBuild Include="gui\pointselector.h">
      <Filter>Sources\gui\widgets</Filter>
    </CustomBuild>
    <CustomBuild Include="gui\logwindow.ui">
      <Filter>Form Files</Filter>
    </CustomBuild>
    <CustomBuild Include="gui\logwindow.hpp">
      <Filter>Sources\gui</Filter>
    </CustomBuild>
    <CustomBuild Include="gui\configwindow.h">
      <Filter>Sources\gui</Filter>
    </CustomBuild>
    <CustomBuild Include="Logger.h">
      <Filter>Generated Files</Filter>
    </CustomBuild>
  </ItemGroup>
  <ItemGroup>
    <CustomBuild Include="gui\actions_area_robot_dialog.ui">
      <Filter>Form Files</Filter>
    </CustomBuild>
    <CustomBuild Include="gui\actions_area_sector_dialog.ui">
      <Filter>Form Files</Filter>
    </CustomBuild>
    <CustomBuild Include="gui\actions_enabledisabledialog.ui">
      <Filter>Form Files</Filter>
    </CustomBuild>
    <CustomBuild Include="gui\actions_modifycounter_dialog.ui">
      <Filter>Form Files</Filter>
    </CustomBuild>
    <CustomBuild Include="gui\actionssounddialog.ui">
      <Filter>Form Files</Filter>
    </CustomBuild>
    <CustomBuild Include="gui\configwindow.ui">
      <Filter>Form Files</Filter>
    </CustomBuild>
    <CustomBuild Include="gui\debugwindow.ui">
      <Filter>Form Files</Filter>
    </CustomBuild>
    <CustomBuild Include="gui\mainwindow.ui">
      <Filter>Form Files</Filter>
    </CustomBuild>
    <CustomBuild Include="experiment\abstracthardware.h">
      <Filter>Sources\hardware</Filter>
    </CustomBuild>
    <CustomBuild Include="experiment\arenomat.h">
      <Filter>Sources\hardware</Filter>
    </CustomBuild>
    <CustomBuild Include="experiment\dummyhardware.h">
      <Filter>Sources\hardware</Filter>
    </CustomBuild>
    <CustomBuild Include="gui\counterwindow.ui">
      <Filter>Form Files</Filter>
    </CustomBuild>
    <CustomBuild Include="gui\actions_modifycounter_dialog.h">
      <Filter>Sources\gui\actions</Filter>
    </CustomBuild>
    <CustomBuild Include="gui\actionssounddialog.h">
      <Filter>Sources\gui\actions</Filter>
    </CustomBuild>
    <CustomBuild Include="gui\counterwindow.hpp">
      <Filter>Sources\gui</Filter>
    </CustomBuild>
    <CustomBuild Include="gui\debugwindow.h">
      <Filter>Sources\gui</Filter>
    </CustomBuild>
    <CustomBuild Include="gui\masklabel.h">
      <Filter>Sources\gui\widgets</Filter>
    </CustomBuild>
  </ItemGroup>
  <ItemGroup>
    <None Include="gui\resources\duck.png">
      <Filter>Resource Files</Filter>
    </None>
    <CustomBuild Include="gui\resources.qrc">
      <Filter>Resource Files</Filter>
    </CustomBuild>
  </ItemGroup>
  <ItemGroup>
    <ClInclude Include="build\GeneratedFiles\ui_actions_area_robot_dialog.h">
      <Filter>Generated Files</Filter>
    </ClInclude>
    <ClInclude Include="build\GeneratedFiles\ui_actions_area_sector_dialog.h">
      <Filter>Generated Files</Filter>
    </ClInclude>
    <ClInclude Include="build\GeneratedFiles\ui_actions_enabledisabledialog.h">
      <Filter>Generated Files</Filter>
    </ClInclude>
    <ClInclude Include="build\GeneratedFiles\ui_actions_modifycounter_dialog.h">
      <Filter>Generated Files</Filter>
    </ClInclude>
    <ClInclude Include="build\GeneratedFiles\ui_actionssounddialog.h">
      <Filter>Generated Files</Filter>
    </ClInclude>
    <ClInclude Include="build\GeneratedFiles\ui_configwindow.h">
      <Filter>Generated Files</Filter>
    </ClInclude>
    <ClInclude Include="build\GeneratedFiles\ui_debugwindow.h">
      <Filter>Generated Files</Filter>
    </ClInclude>
    <ClInclude Include="build\GeneratedFiles\ui_mainwindow.h">
      <Filter>Generated Files</Filter>
    </ClInclude>
    <ClInclude Include="experiment\detector_threshold.h">
      <Filter>Sources\detector</Filter>
    </ClInclude>
    <ClInclude Include="experiment\params.h">
      <Filter>Sources</Filter>
    </ClInclude>
    <ClInclude Include="build\GeneratedFiles\ui_logwindow.h">
      <Filter>Generated Files</Filter>
    </ClInclude>
  </ItemGroup>
</Project>